
Microsoft Visual Studio Solution File, Format Version 12.00
# Visual Studio Version 16
VisualStudioVersion = 16.0.29613.14
MinimumVisualStudioVersion = 10.0.40219.1
Project("{9A19103F-16F7-4668-BE54-9A1E7A4F7556}") = "Engine", "AxEngine\Engine\Engine.csproj", "{303329F6-C910-4043-81E5-5080659ECB28}"
EndProject
Project("{9A19103F-16F7-4668-BE54-9A1E7A4F7556}") = "Net3dBool", "AxEngine\External\Net3dBool\src\Net3dBool\Net3dBool.csproj", "{09162E62-8F7B-4468-902D-C2253C45D4A1}"
EndProject
Project("{9A19103F-16F7-4668-BE54-9A1E7A4F7556}") = "Common", "AxEngine\Common\Common.csproj", "{709018FD-7E2D-4AA0-9EC6-7C67B9D902FE}"
EndProject
Project("{9A19103F-16F7-4668-BE54-9A1E7A4F7556}") = "Render", "AxEngine\Render\Render.csproj", "{3B41CDF5-4512-46AF-BAA4-E6F3B5B3F87C}"
EndProject
Project("{9A19103F-16F7-4668-BE54-9A1E7A4F7556}") = "Demo", "AxEngine\Demo\Demo.csproj", "{FBB4132B-0C20-43AA-BD53-0DFAC8E7F693}"
EndProject
Project("{9A19103F-16F7-4668-BE54-9A1E7A4F7556}") = "Tests", "AxEngine\Tests\Tests.csproj", "{DC37544D-1146-4771-AF8C-8CEC4079C913}"
EndProject
Project("{2150E333-8FDC-42A3-9474-1A3956D46DE8}") = "AxMarbles", "AxMarbles", "{7205F0AF-0DCF-4CFD-A4BB-FB1F73E0D762}"
EndProject
Project("{9A19103F-16F7-4668-BE54-9A1E7A4F7556}") = "Marbles", "AxMarbles\Marbles\Marbles.csproj", "{3232E9B1-9443-45C0-901B-52C6B8A73CF7}"
EndProject
Project("{2150E333-8FDC-42A3-9474-1A3956D46DE8}") = "Experiments", "Experiments", "{4172C262-FBAF-4FD9-8E15-1D38684A45F9}"
EndProject
Project("{9A19103F-16F7-4668-BE54-9A1E7A4F7556}") = "ProcTest", "Experiments\ProcTest\ProcTest.csproj", "{31B9CE86-6922-477B-9D0A-8A290DD50AE7}"
EndProject
Project("{9A19103F-16F7-4668-BE54-9A1E7A4F7556}") = "PlayGround1", "Experiments\PlayGround1\PlayGround1.csproj", "{31B1AF66-15D6-4301-BDBD-45166F857E60}"
EndProject
Project("{2150E333-8FDC-42A3-9474-1A3956D46DE8}") = "AxEngine", "AxEngine", "{1016C2A2-C6F6-45A3-BE83-45349EAFEA8B}"
EndProject
Project("{9A19103F-16F7-4668-BE54-9A1E7A4F7556}") = "Aximo.Nuget", "AxEngine\props\Aximo.Nuget.csproj", "{CEA1B4D6-4C87-480E-B3D4-DBE03F72C548}"
EndProject
Project("{2150E333-8FDC-42A3-9474-1A3956D46DE8}") = "Audio", "Audio", "{AAF51D2E-22B3-4BE6-B604-37F6F19403F7}"
EndProject
Project("{9A19103F-16F7-4668-BE54-9A1E7A4F7556}") = "Aximo.Audio.Rack", "AxEngine\Aximo.AudioRack\Aximo.Audio.Rack\Aximo.Audio.Rack.csproj", "{47983C69-9918-4740-817E-3AC792C2C41D}"
EndProject
Project("{9A19103F-16F7-4668-BE54-9A1E7A4F7556}") = "Aximo.Audio.Rack.Gui", "AxEngine\Aximo.AudioRack\Aximo.Audio.Rack.Gui\Aximo.Audio.Rack.Gui.csproj", "{BEFC3C42-E048-43B5-90B6-59174CF6FB0F}"
EndProject
Project("{9A19103F-16F7-4668-BE54-9A1E7A4F7556}") = "Aximo.Audio.Rack.Modules", "AxEngine\Aximo.AudioRack\Aximo.Audio.Rack.Modules\Aximo.Audio.Rack.Modules.csproj", "{ABCBB9DD-AC99-41E4-B134-747FCBD61430}"
EndProject
Global
	GlobalSection(SolutionConfigurationPlatforms) = preSolution
		Debug|Any CPU = Debug|Any CPU
		Debug|x64 = Debug|x64
		Debug|x86 = Debug|x86
		Release|Any CPU = Release|Any CPU
		Release|x64 = Release|x64
		Release|x86 = Release|x86
	EndGlobalSection
	GlobalSection(ProjectConfigurationPlatforms) = postSolution
		{303329F6-C910-4043-81E5-5080659ECB28}.Debug|Any CPU.ActiveCfg = Debug|Any CPU
		{303329F6-C910-4043-81E5-5080659ECB28}.Debug|Any CPU.Build.0 = Debug|Any CPU
		{303329F6-C910-4043-81E5-5080659ECB28}.Debug|x64.ActiveCfg = Debug|Any CPU
		{303329F6-C910-4043-81E5-5080659ECB28}.Debug|x64.Build.0 = Debug|Any CPU
		{303329F6-C910-4043-81E5-5080659ECB28}.Debug|x86.ActiveCfg = Debug|Any CPU
		{303329F6-C910-4043-81E5-5080659ECB28}.Debug|x86.Build.0 = Debug|Any CPU
		{303329F6-C910-4043-81E5-5080659ECB28}.Release|Any CPU.ActiveCfg = Release|Any CPU
		{303329F6-C910-4043-81E5-5080659ECB28}.Release|Any CPU.Build.0 = Release|Any CPU
		{303329F6-C910-4043-81E5-5080659ECB28}.Release|x64.ActiveCfg = Release|Any CPU
		{303329F6-C910-4043-81E5-5080659ECB28}.Release|x64.Build.0 = Release|Any CPU
		{303329F6-C910-4043-81E5-5080659ECB28}.Release|x86.ActiveCfg = Release|Any CPU
		{303329F6-C910-4043-81E5-5080659ECB28}.Release|x86.Build.0 = Release|Any CPU
		{09162E62-8F7B-4468-902D-C2253C45D4A1}.Debug|Any CPU.ActiveCfg = Debug|Any CPU
		{09162E62-8F7B-4468-902D-C2253C45D4A1}.Debug|Any CPU.Build.0 = Debug|Any CPU
		{09162E62-8F7B-4468-902D-C2253C45D4A1}.Debug|x64.ActiveCfg = Debug|Any CPU
		{09162E62-8F7B-4468-902D-C2253C45D4A1}.Debug|x64.Build.0 = Debug|Any CPU
		{09162E62-8F7B-4468-902D-C2253C45D4A1}.Debug|x86.ActiveCfg = Debug|Any CPU
		{09162E62-8F7B-4468-902D-C2253C45D4A1}.Debug|x86.Build.0 = Debug|Any CPU
		{09162E62-8F7B-4468-902D-C2253C45D4A1}.Release|Any CPU.ActiveCfg = Release|Any CPU
		{09162E62-8F7B-4468-902D-C2253C45D4A1}.Release|Any CPU.Build.0 = Release|Any CPU
		{09162E62-8F7B-4468-902D-C2253C45D4A1}.Release|x64.ActiveCfg = Release|Any CPU
		{09162E62-8F7B-4468-902D-C2253C45D4A1}.Release|x64.Build.0 = Release|Any CPU
		{09162E62-8F7B-4468-902D-C2253C45D4A1}.Release|x86.ActiveCfg = Release|Any CPU
		{09162E62-8F7B-4468-902D-C2253C45D4A1}.Release|x86.Build.0 = Release|Any CPU
		{709018FD-7E2D-4AA0-9EC6-7C67B9D902FE}.Debug|Any CPU.ActiveCfg = Debug|Any CPU
		{709018FD-7E2D-4AA0-9EC6-7C67B9D902FE}.Debug|Any CPU.Build.0 = Debug|Any CPU
		{709018FD-7E2D-4AA0-9EC6-7C67B9D902FE}.Debug|x64.ActiveCfg = Debug|Any CPU
		{709018FD-7E2D-4AA0-9EC6-7C67B9D902FE}.Debug|x64.Build.0 = Debug|Any CPU
		{709018FD-7E2D-4AA0-9EC6-7C67B9D902FE}.Debug|x86.ActiveCfg = Debug|Any CPU
		{709018FD-7E2D-4AA0-9EC6-7C67B9D902FE}.Debug|x86.Build.0 = Debug|Any CPU
		{709018FD-7E2D-4AA0-9EC6-7C67B9D902FE}.Release|Any CPU.ActiveCfg = Release|Any CPU
		{709018FD-7E2D-4AA0-9EC6-7C67B9D902FE}.Release|Any CPU.Build.0 = Release|Any CPU
		{709018FD-7E2D-4AA0-9EC6-7C67B9D902FE}.Release|x64.ActiveCfg = Release|Any CPU
		{709018FD-7E2D-4AA0-9EC6-7C67B9D902FE}.Release|x64.Build.0 = Release|Any CPU
		{709018FD-7E2D-4AA0-9EC6-7C67B9D902FE}.Release|x86.ActiveCfg = Release|Any CPU
		{709018FD-7E2D-4AA0-9EC6-7C67B9D902FE}.Release|x86.Build.0 = Release|Any CPU
		{3B41CDF5-4512-46AF-BAA4-E6F3B5B3F87C}.Debug|Any CPU.ActiveCfg = Debug|Any CPU
		{3B41CDF5-4512-46AF-BAA4-E6F3B5B3F87C}.Debug|Any CPU.Build.0 = Debug|Any CPU
		{3B41CDF5-4512-46AF-BAA4-E6F3B5B3F87C}.Debug|x64.ActiveCfg = Debug|Any CPU
		{3B41CDF5-4512-46AF-BAA4-E6F3B5B3F87C}.Debug|x64.Build.0 = Debug|Any CPU
		{3B41CDF5-4512-46AF-BAA4-E6F3B5B3F87C}.Debug|x86.ActiveCfg = Debug|Any CPU
		{3B41CDF5-4512-46AF-BAA4-E6F3B5B3F87C}.Debug|x86.Build.0 = Debug|Any CPU
		{3B41CDF5-4512-46AF-BAA4-E6F3B5B3F87C}.Release|Any CPU.ActiveCfg = Release|Any CPU
		{3B41CDF5-4512-46AF-BAA4-E6F3B5B3F87C}.Release|Any CPU.Build.0 = Release|Any CPU
		{3B41CDF5-4512-46AF-BAA4-E6F3B5B3F87C}.Release|x64.ActiveCfg = Release|Any CPU
		{3B41CDF5-4512-46AF-BAA4-E6F3B5B3F87C}.Release|x64.Build.0 = Release|Any CPU
		{3B41CDF5-4512-46AF-BAA4-E6F3B5B3F87C}.Release|x86.ActiveCfg = Release|Any CPU
		{3B41CDF5-4512-46AF-BAA4-E6F3B5B3F87C}.Release|x86.Build.0 = Release|Any CPU
		{FBB4132B-0C20-43AA-BD53-0DFAC8E7F693}.Debug|Any CPU.ActiveCfg = Debug|Any CPU
		{FBB4132B-0C20-43AA-BD53-0DFAC8E7F693}.Debug|Any CPU.Build.0 = Debug|Any CPU
		{FBB4132B-0C20-43AA-BD53-0DFAC8E7F693}.Debug|x64.ActiveCfg = Debug|Any CPU
		{FBB4132B-0C20-43AA-BD53-0DFAC8E7F693}.Debug|x64.Build.0 = Debug|Any CPU
		{FBB4132B-0C20-43AA-BD53-0DFAC8E7F693}.Debug|x86.ActiveCfg = Debug|Any CPU
		{FBB4132B-0C20-43AA-BD53-0DFAC8E7F693}.Debug|x86.Build.0 = Debug|Any CPU
		{FBB4132B-0C20-43AA-BD53-0DFAC8E7F693}.Release|Any CPU.ActiveCfg = Release|Any CPU
		{FBB4132B-0C20-43AA-BD53-0DFAC8E7F693}.Release|Any CPU.Build.0 = Release|Any CPU
		{FBB4132B-0C20-43AA-BD53-0DFAC8E7F693}.Release|x64.ActiveCfg = Release|Any CPU
		{FBB4132B-0C20-43AA-BD53-0DFAC8E7F693}.Release|x64.Build.0 = Release|Any CPU
		{FBB4132B-0C20-43AA-BD53-0DFAC8E7F693}.Release|x86.ActiveCfg = Release|Any CPU
		{FBB4132B-0C20-43AA-BD53-0DFAC8E7F693}.Release|x86.Build.0 = Release|Any CPU
		{DC37544D-1146-4771-AF8C-8CEC4079C913}.Debug|Any CPU.ActiveCfg = Debug|Any CPU
		{DC37544D-1146-4771-AF8C-8CEC4079C913}.Debug|Any CPU.Build.0 = Debug|Any CPU
		{DC37544D-1146-4771-AF8C-8CEC4079C913}.Debug|x64.ActiveCfg = Debug|Any CPU
		{DC37544D-1146-4771-AF8C-8CEC4079C913}.Debug|x64.Build.0 = Debug|Any CPU
		{DC37544D-1146-4771-AF8C-8CEC4079C913}.Debug|x86.ActiveCfg = Debug|Any CPU
		{DC37544D-1146-4771-AF8C-8CEC4079C913}.Debug|x86.Build.0 = Debug|Any CPU
		{DC37544D-1146-4771-AF8C-8CEC4079C913}.Release|Any CPU.ActiveCfg = Release|Any CPU
		{DC37544D-1146-4771-AF8C-8CEC4079C913}.Release|Any CPU.Build.0 = Release|Any CPU
		{DC37544D-1146-4771-AF8C-8CEC4079C913}.Release|x64.ActiveCfg = Release|Any CPU
		{DC37544D-1146-4771-AF8C-8CEC4079C913}.Release|x64.Build.0 = Release|Any CPU
		{DC37544D-1146-4771-AF8C-8CEC4079C913}.Release|x86.ActiveCfg = Release|Any CPU
		{DC37544D-1146-4771-AF8C-8CEC4079C913}.Release|x86.Build.0 = Release|Any CPU
		{3232E9B1-9443-45C0-901B-52C6B8A73CF7}.Debug|Any CPU.ActiveCfg = Debug|Any CPU
		{3232E9B1-9443-45C0-901B-52C6B8A73CF7}.Debug|Any CPU.Build.0 = Debug|Any CPU
		{3232E9B1-9443-45C0-901B-52C6B8A73CF7}.Debug|x64.ActiveCfg = Debug|Any CPU
		{3232E9B1-9443-45C0-901B-52C6B8A73CF7}.Debug|x64.Build.0 = Debug|Any CPU
		{3232E9B1-9443-45C0-901B-52C6B8A73CF7}.Debug|x86.ActiveCfg = Debug|Any CPU
		{3232E9B1-9443-45C0-901B-52C6B8A73CF7}.Debug|x86.Build.0 = Debug|Any CPU
		{3232E9B1-9443-45C0-901B-52C6B8A73CF7}.Release|Any CPU.ActiveCfg = Release|Any CPU
		{3232E9B1-9443-45C0-901B-52C6B8A73CF7}.Release|Any CPU.Build.0 = Release|Any CPU
		{3232E9B1-9443-45C0-901B-52C6B8A73CF7}.Release|x64.ActiveCfg = Release|Any CPU
		{3232E9B1-9443-45C0-901B-52C6B8A73CF7}.Release|x64.Build.0 = Release|Any CPU
		{3232E9B1-9443-45C0-901B-52C6B8A73CF7}.Release|x86.ActiveCfg = Release|Any CPU
		{3232E9B1-9443-45C0-901B-52C6B8A73CF7}.Release|x86.Build.0 = Release|Any CPU
		{31B9CE86-6922-477B-9D0A-8A290DD50AE7}.Debug|Any CPU.ActiveCfg = Debug|Any CPU
		{31B9CE86-6922-477B-9D0A-8A290DD50AE7}.Debug|Any CPU.Build.0 = Debug|Any CPU
		{31B9CE86-6922-477B-9D0A-8A290DD50AE7}.Debug|x64.ActiveCfg = Debug|Any CPU
		{31B9CE86-6922-477B-9D0A-8A290DD50AE7}.Debug|x64.Build.0 = Debug|Any CPU
		{31B9CE86-6922-477B-9D0A-8A290DD50AE7}.Debug|x86.ActiveCfg = Debug|Any CPU
		{31B9CE86-6922-477B-9D0A-8A290DD50AE7}.Debug|x86.Build.0 = Debug|Any CPU
		{31B9CE86-6922-477B-9D0A-8A290DD50AE7}.Release|Any CPU.ActiveCfg = Release|Any CPU
		{31B9CE86-6922-477B-9D0A-8A290DD50AE7}.Release|Any CPU.Build.0 = Release|Any CPU
		{31B9CE86-6922-477B-9D0A-8A290DD50AE7}.Release|x64.ActiveCfg = Release|Any CPU
		{31B9CE86-6922-477B-9D0A-8A290DD50AE7}.Release|x64.Build.0 = Release|Any CPU
		{31B9CE86-6922-477B-9D0A-8A290DD50AE7}.Release|x86.ActiveCfg = Release|Any CPU
		{31B9CE86-6922-477B-9D0A-8A290DD50AE7}.Release|x86.Build.0 = Release|Any CPU
		{31B1AF66-15D6-4301-BDBD-45166F857E60}.Debug|Any CPU.ActiveCfg = Debug|Any CPU
		{31B1AF66-15D6-4301-BDBD-45166F857E60}.Debug|Any CPU.Build.0 = Debug|Any CPU
		{31B1AF66-15D6-4301-BDBD-45166F857E60}.Debug|x64.ActiveCfg = Debug|Any CPU
		{31B1AF66-15D6-4301-BDBD-45166F857E60}.Debug|x64.Build.0 = Debug|Any CPU
		{31B1AF66-15D6-4301-BDBD-45166F857E60}.Debug|x86.ActiveCfg = Debug|Any CPU
		{31B1AF66-15D6-4301-BDBD-45166F857E60}.Debug|x86.Build.0 = Debug|Any CPU
		{31B1AF66-15D6-4301-BDBD-45166F857E60}.Release|Any CPU.ActiveCfg = Release|Any CPU
		{31B1AF66-15D6-4301-BDBD-45166F857E60}.Release|Any CPU.Build.0 = Release|Any CPU
		{31B1AF66-15D6-4301-BDBD-45166F857E60}.Release|x64.ActiveCfg = Release|Any CPU
		{31B1AF66-15D6-4301-BDBD-45166F857E60}.Release|x64.Build.0 = Release|Any CPU
		{31B1AF66-15D6-4301-BDBD-45166F857E60}.Release|x86.ActiveCfg = Release|Any CPU
		{31B1AF66-15D6-4301-BDBD-45166F857E60}.Release|x86.Build.0 = Release|Any CPU
		{CEA1B4D6-4C87-480E-B3D4-DBE03F72C548}.Debug|Any CPU.ActiveCfg = Debug|Any CPU
		{CEA1B4D6-4C87-480E-B3D4-DBE03F72C548}.Debug|Any CPU.Build.0 = Debug|Any CPU
		{CEA1B4D6-4C87-480E-B3D4-DBE03F72C548}.Debug|x64.ActiveCfg = Debug|Any CPU
		{CEA1B4D6-4C87-480E-B3D4-DBE03F72C548}.Debug|x64.Build.0 = Debug|Any CPU
		{CEA1B4D6-4C87-480E-B3D4-DBE03F72C548}.Debug|x86.ActiveCfg = Debug|Any CPU
		{CEA1B4D6-4C87-480E-B3D4-DBE03F72C548}.Debug|x86.Build.0 = Debug|Any CPU
		{CEA1B4D6-4C87-480E-B3D4-DBE03F72C548}.Release|Any CPU.ActiveCfg = Release|Any CPU
		{CEA1B4D6-4C87-480E-B3D4-DBE03F72C548}.Release|Any CPU.Build.0 = Release|Any CPU
		{CEA1B4D6-4C87-480E-B3D4-DBE03F72C548}.Release|x64.ActiveCfg = Release|Any CPU
		{CEA1B4D6-4C87-480E-B3D4-DBE03F72C548}.Release|x64.Build.0 = Release|Any CPU
		{CEA1B4D6-4C87-480E-B3D4-DBE03F72C548}.Release|x86.ActiveCfg = Release|Any CPU
		{CEA1B4D6-4C87-480E-B3D4-DBE03F72C548}.Release|x86.Build.0 = Release|Any CPU
		{47983C69-9918-4740-817E-3AC792C2C41D}.Debug|Any CPU.ActiveCfg = Debug|Any CPU
		{47983C69-9918-4740-817E-3AC792C2C41D}.Debug|Any CPU.Build.0 = Debug|Any CPU
		{47983C69-9918-4740-817E-3AC792C2C41D}.Debug|x64.ActiveCfg = Debug|Any CPU
		{47983C69-9918-4740-817E-3AC792C2C41D}.Debug|x64.Build.0 = Debug|Any CPU
		{47983C69-9918-4740-817E-3AC792C2C41D}.Debug|x86.ActiveCfg = Debug|Any CPU
		{47983C69-9918-4740-817E-3AC792C2C41D}.Debug|x86.Build.0 = Debug|Any CPU
		{47983C69-9918-4740-817E-3AC792C2C41D}.Release|Any CPU.ActiveCfg = Release|Any CPU
		{47983C69-9918-4740-817E-3AC792C2C41D}.Release|Any CPU.Build.0 = Release|Any CPU
		{47983C69-9918-4740-817E-3AC792C2C41D}.Release|x64.ActiveCfg = Release|Any CPU
		{47983C69-9918-4740-817E-3AC792C2C41D}.Release|x64.Build.0 = Release|Any CPU
		{47983C69-9918-4740-817E-3AC792C2C41D}.Release|x86.ActiveCfg = Release|Any CPU
		{47983C69-9918-4740-817E-3AC792C2C41D}.Release|x86.Build.0 = Release|Any CPU
		{BEFC3C42-E048-43B5-90B6-59174CF6FB0F}.Debug|Any CPU.ActiveCfg = Debug|Any CPU
		{BEFC3C42-E048-43B5-90B6-59174CF6FB0F}.Debug|Any CPU.Build.0 = Debug|Any CPU
		{BEFC3C42-E048-43B5-90B6-59174CF6FB0F}.Debug|x64.ActiveCfg = Debug|Any CPU
		{BEFC3C42-E048-43B5-90B6-59174CF6FB0F}.Debug|x64.Build.0 = Debug|Any CPU
		{BEFC3C42-E048-43B5-90B6-59174CF6FB0F}.Debug|x86.ActiveCfg = Debug|Any CPU
		{BEFC3C42-E048-43B5-90B6-59174CF6FB0F}.Debug|x86.Build.0 = Debug|Any CPU
		{BEFC3C42-E048-43B5-90B6-59174CF6FB0F}.Release|Any CPU.ActiveCfg = Release|Any CPU
		{BEFC3C42-E048-43B5-90B6-59174CF6FB0F}.Release|Any CPU.Build.0 = Release|Any CPU
		{BEFC3C42-E048-43B5-90B6-59174CF6FB0F}.Release|x64.ActiveCfg = Release|Any CPU
		{BEFC3C42-E048-43B5-90B6-59174CF6FB0F}.Release|x64.Build.0 = Release|Any CPU
		{BEFC3C42-E048-43B5-90B6-59174CF6FB0F}.Release|x86.ActiveCfg = Release|Any CPU
		{BEFC3C42-E048-43B5-90B6-59174CF6FB0F}.Release|x86.Build.0 = Release|Any CPU
		{ABCBB9DD-AC99-41E4-B134-747FCBD61430}.Debug|Any CPU.ActiveCfg = Debug|Any CPU
		{ABCBB9DD-AC99-41E4-B134-747FCBD61430}.Debug|Any CPU.Build.0 = Debug|Any CPU
		{ABCBB9DD-AC99-41E4-B134-747FCBD61430}.Debug|x64.ActiveCfg = Debug|Any CPU
		{ABCBB9DD-AC99-41E4-B134-747FCBD61430}.Debug|x64.Build.0 = Debug|Any CPU
		{ABCBB9DD-AC99-41E4-B134-747FCBD61430}.Debug|x86.ActiveCfg = Debug|Any CPU
		{ABCBB9DD-AC99-41E4-B134-747FCBD61430}.Debug|x86.Build.0 = Debug|Any CPU
		{ABCBB9DD-AC99-41E4-B134-747FCBD61430}.Release|Any CPU.ActiveCfg = Release|Any CPU
		{ABCBB9DD-AC99-41E4-B134-747FCBD61430}.Release|Any CPU.Build.0 = Release|Any CPU
		{ABCBB9DD-AC99-41E4-B134-747FCBD61430}.Release|x64.ActiveCfg = Release|Any CPU
		{ABCBB9DD-AC99-41E4-B134-747FCBD61430}.Release|x64.Build.0 = Release|Any CPU
		{ABCBB9DD-AC99-41E4-B134-747FCBD61430}.Release|x86.ActiveCfg = Release|Any CPU
		{ABCBB9DD-AC99-41E4-B134-747FCBD61430}.Release|x86.Build.0 = Release|Any CPU
	EndGlobalSection
	GlobalSection(SolutionProperties) = preSolution
		HideSolutionNode = FALSE
	EndGlobalSection
	GlobalSection(NestedProjects) = preSolution
		{3232E9B1-9443-45C0-901B-52C6B8A73CF7} = {7205F0AF-0DCF-4CFD-A4BB-FB1F73E0D762}
		{31B9CE86-6922-477B-9D0A-8A290DD50AE7} = {4172C262-FBAF-4FD9-8E15-1D38684A45F9}
		{31B1AF66-15D6-4301-BDBD-45166F857E60} = {4172C262-FBAF-4FD9-8E15-1D38684A45F9}
		{CEA1B4D6-4C87-480E-B3D4-DBE03F72C548} = {1016C2A2-C6F6-45A3-BE83-45349EAFEA8B}
		{47983C69-9918-4740-817E-3AC792C2C41D} = {AAF51D2E-22B3-4BE6-B604-37F6F19403F7}
		{BEFC3C42-E048-43B5-90B6-59174CF6FB0F} = {AAF51D2E-22B3-4BE6-B604-37F6F19403F7}
		{ABCBB9DD-AC99-41E4-B134-747FCBD61430} = {AAF51D2E-22B3-4BE6-B604-37F6F19403F7}
	EndGlobalSection
	GlobalSection(ExtensibilityGlobals) = postSolution
		SolutionGuid = {C057C2BA-86AC-4F94-B7C5-5E139F6AE2EF}
	EndGlobalSection
EndGlobal
